
Microsoft Visual Studio Solution File, Format Version 12.00
# Visual Studio Version 17
VisualStudioVersion = 17.6.33723.286
MinimumVisualStudioVersion = 10.0.40219.1
Project("{FAE04EC0-301F-11D3-BF4B-00C04F79EFBC}") = "Zadanie3", "Zadanie3.csproj", "{6B3D7A20-BA87-437F-AF53-502C5946D315}"
EndProject
Global
	GlobalSection(SolutionConfigurationPlatforms) = preSolution
		Debug|Any CPU = Debug|Any CPU
		Release|Any CPU = Release|Any CPU
	EndGlobalSection
	GlobalSection(ProjectConfigurationPlatforms) = postSolution
		{6B3D7A20-BA87-437F-AF53-502C5946D315}.Debug|Any CPU.ActiveCfg = Debug|Any CPU
		{6B3D7A20-BA87-437F-AF53-502C5946D315}.Debug|Any CPU.Build.0 = Debug|Any CPU
		{6B3D7A20-BA87-437F-AF53-502C5946D315}.Release|Any CPU.ActiveCfg = Release|Any CPU
		{6B3D7A20-BA87-437F-AF53-502C5946D315}.Release|Any CPU.Build.0 = Release|Any CPU
	EndGlobalSection
	GlobalSection(SolutionProperties) = preSolution
		HideSolutionNode = FALSE
	EndGlobalSection
	GlobalSection(ExtensibilityGlobals) = postSolution
		SolutionGuid = {99BF7E26-F9FB-44BE-AA03-8CEB2AB74DB0}
	EndGlobalSection
EndGlobal
